PODS:
  - Styles (0.24.15)
  - Styles/Tests (0.24.15)

DEPENDENCIES:
  - Styles (from `../`)
  - Styles/Tests (from `../`)

EXTERNAL SOURCES:
  Styles:
    :path: "../"

SPEC CHECKSUMS:
  Styles: 418a756e202ad77bcf2d9556d744037ab31d84f2

PODFILE CHECKSUM: f5341d1bc44d76e5ca1e0d50940004053970d8dc

COCOAPODS: 1.5.0
