PODS:
  - Styles (0.14.8)
  - Styles/Tests (0.14.8)

DEPENDENCIES:
  - Styles (from `../`)
  - Styles/Tests (from `../`)

EXTERNAL SOURCES:
  Styles:
    :path: ../

SPEC CHECKSUMS:
  Styles: af5e6b6920360e9a71b84a1776b721f5ef4c257c

PODFILE CHECKSUM: f5341d1bc44d76e5ca1e0d50940004053970d8dc

COCOAPODS: 1.4.0
