PODS:
  - Styles (0.24.13)
  - Styles/Tests (0.24.13)

DEPENDENCIES:
  - Styles (from `../`)
  - Styles/Tests (from `../`)

EXTERNAL SOURCES:
  Styles:
    :path: "../"

SPEC CHECKSUMS:
  Styles: fe7c7b1578c1db73823ec09cf05d76ff065a3ef5

PODFILE CHECKSUM: f5341d1bc44d76e5ca1e0d50940004053970d8dc

COCOAPODS: 1.5.0
