// !$*UTF8*$!
{
	archiveVersion = 1;
	classes = {
	};
	objectVersion = 46;
	objects = {

/* Begin PBXBuildFile section */
		CE1439CA20580A8900C7EA94 /* TextStyle+Defaults.swift in Sources */ = {isa = PBXBuildFile; fileRef = CE1439C920580A8900C7EA94 /* TextStyle+Defaults.swift */; };
		CE1439CC20580BD600C7EA94 /* TextEffect+Defaults.swift in Sources */ = {isa = PBXBuildFile; fileRef = CE1439CB20580BD600C7EA94 /* TextEffect+Defaults.swift */; };
		CE1439CE20580E8B00C7EA94 /* ViewStyle+Predefined.swift in Sources */ = {isa = PBXBuildFile; fileRef = CE1439CD20580E8B00C7EA94 /* ViewStyle+Predefined.swift */; };
		CE1439D12058161300C7EA94 /* CustomStyleViewController.swift in Sources */ = {isa = PBXBuildFile; fileRef = CE1439D02058161300C7EA94 /* CustomStyleViewController.swift */; };
		CE1439D32058162200C7EA94 /* CustomStyle.storyboard in Resources */ = {isa = PBXBuildFile; fileRef = CE1439D22058162200C7EA94 /* CustomStyle.storyboard */; };
		CE1439D620581FF200C7EA94 /* DefineViewStyleViewContoller.swift in Sources */ = {isa = PBXBuildFile; fileRef = CE1439D520581FF200C7EA94 /* DefineViewStyleViewContoller.swift */; };
		CE1439D82058202400C7EA94 /* DefineViewStyle.storyboard in Resources */ = {isa = PBXBuildFile; fileRef = CE1439D72058202400C7EA94 /* DefineViewStyle.storyboard */; };
		CE1439DC20592E4400C7EA94 /* ColorPickerViewController.swift in Sources */ = {isa = PBXBuildFile; fileRef = CE1439DB20592E4400C7EA94 /* ColorPickerViewController.swift */; };
		CE1439DE2059308900C7EA94 /* ColorPicker.storyboard in Resources */ = {isa = PBXBuildFile; fileRef = CE1439DD2059308900C7EA94 /* ColorPicker.storyboard */; };
		CE6CD201202DC08200DA4491 /* AppDelegate.swift in Sources */ = {isa = PBXBuildFile; fileRef = CE6CD1F9202DC08100DA4491 /* AppDelegate.swift */; };
		CE6CD202202DC08200DA4491 /* LaunchScreen.xib in Resources */ = {isa = PBXBuildFile; fileRef = CE6CD1FB202DC08200DA4491 /* LaunchScreen.xib */; };
		CE6CD203202DC08200DA4491 /* Features.storyboard in Resources */ = {isa = PBXBuildFile; fileRef = CE6CD1FD202DC08200DA4491 /* Features.storyboard */; };
		CE6CD204202DC08200DA4491 /* Images.xcassets in Resources */ = {isa = PBXBuildFile; fileRef = CE6CD1FF202DC08200DA4491 /* Images.xcassets */; };
		CE78DE8A2057D72C00A5DCFE /* StylesController.swift in Sources */ = {isa = PBXBuildFile; fileRef = CE78DE892057D72C00A5DCFE /* StylesController.swift */; };
		CE78DE8D2057EE8B00A5DCFE /* FeaturesTabBarController.swift in Sources */ = {isa = PBXBuildFile; fileRef = CE78DE8C2057EE8B00A5DCFE /* FeaturesTabBarController.swift */; };
		CE78DE8F2057F32D00A5DCFE /* Styles.storyboard in Resources */ = {isa = PBXBuildFile; fileRef = CE78DE8E2057F32D00A5DCFE /* Styles.storyboard */; };
		CE78DE922057F45700A5DCFE /* ViewStyleCell.swift in Sources */ = {isa = PBXBuildFile; fileRef = CE78DE912057F45700A5DCFE /* ViewStyleCell.swift */; };
		CE78DE942057F51700A5DCFE /* TextStyleCell.swift in Sources */ = {isa = PBXBuildFile; fileRef = CE78DE932057F51700A5DCFE /* TextStyleCell.swift */; };
		CE78DE962057F6FC00A5DCFE /* TextStyle+Predefined.swift in Sources */ = {isa = PBXBuildFile; fileRef = CE78DE952057F6FC00A5DCFE /* TextStyle+Predefined.swift */; };
		CE78DE982057FD5200A5DCFE /* Shadow+Defaults.swift in Sources */ = {isa = PBXBuildFile; fileRef = CE78DE972057FD5200A5DCFE /* Shadow+Defaults.swift */; };
		CE78DE9B2057FE7D00A5DCFE /* ViewStyle+Defaults.swift in Sources */ = {isa = PBXBuildFile; fileRef = CE78DE9A2057FE7D00A5DCFE /* ViewStyle+Defaults.swift */; };
		CE850F87205945EA00C62E35 /* Shadow.storyboard in Resources */ = {isa = PBXBuildFile; fileRef = CE850F86205945EA00C62E35 /* Shadow.storyboard */; };
		CE850F89205945FD00C62E35 /* ShadowViewController.swift in Sources */ = {isa = PBXBuildFile; fileRef = CE850F88205945FD00C62E35 /* ShadowViewController.swift */; };
		CE850F8E205A7F8800C62E35 /* DefineTextStyleViewController.swift in Sources */ = {isa = PBXBuildFile; fileRef = CE850F8D205A7F8800C62E35 /* DefineTextStyleViewController.swift */; };
		CE850F90205A7F9700C62E35 /* DefineTextStyle.storyboard in Resources */ = {isa = PBXBuildFile; fileRef = CE850F8F205A7F9700C62E35 /* DefineTextStyle.storyboard */; };
		CE850F93205A921A00C62E35 /* FontPickerViewController.swift in Sources */ = {isa = PBXBuildFile; fileRef = CE850F92205A921A00C62E35 /* FontPickerViewController.swift */; };
		CE850F96205ACFBB00C62E35 /* WritingDirectionPickerViewController.swift in Sources */ = {isa = PBXBuildFile; fileRef = CE850F95205ACFBB00C62E35 /* WritingDirectionPickerViewController.swift */; };
		CE850F99205BB61300C62E35 /* TextDecoration.storyboard in Resources */ = {isa = PBXBuildFile; fileRef = CE850F98205BB61300C62E35 /* TextDecoration.storyboard */; };
		CE850F9B205BB62200C62E35 /* TextDecorationViewController.swift in Sources */ = {isa = PBXBuildFile; fileRef = CE850F9A205BB62200C62E35 /* TextDecorationViewController.swift */; };
		CE850F9F205BBB1B00C62E35 /* TextDecoration+Definition.swift in Sources */ = {isa = PBXBuildFile; fileRef = CE850F9E205BBB1B00C62E35 /* TextDecoration+Definition.swift */; };
		CE850FA1205BBB4600C62E35 /* NSTextAlignment+CodeDescription.swift in Sources */ = {isa = PBXBuildFile; fileRef = CE850FA0205BBB4600C62E35 /* NSTextAlignment+CodeDescription.swift */; };
		CE850FA3205BBB6E00C62E35 /* WritingDirection+Description.swift in Sources */ = {isa = PBXBuildFile; fileRef = CE850FA2205BBB6E00C62E35 /* WritingDirection+Description.swift */; };
		CE850FA5205BBB8E00C62E35 /* PatternPickerViewController.swift in Sources */ = {isa = PBXBuildFile; fileRef = CE850FA4205BBB8E00C62E35 /* PatternPickerViewController.swift */; };
		CE850FA7205BBDA400C62E35 /* StylePickerViewController.swift in Sources */ = {isa = PBXBuildFile; fileRef = CE850FA6205BBDA400C62E35 /* StylePickerViewController.swift */; };
		CE850FAA205BC42700C62E35 /* UIColor+CodeDescription.swift in Sources */ = {isa = PBXBuildFile; fileRef = CE850FA9205BC42700C62E35 /* UIColor+CodeDescription.swift */; };
		E85D480F059FB7239992BE0B /* Pods_Styles_Example.framework in Frameworks */ = {isa = PBXBuildFile; fileRef = F5E944D2434D454E67C3D05E /* Pods_Styles_Example.framework */; };
/* End PBXBuildFile section */

/* Begin PBXFileReference section */
		22053086918D4A57D6F797DF /* Pods-Styles_Example.release.xcconfig */ = {isa = PBXFileReference; includeInIndex = 1; lastKnownFileType = text.xcconfig; name = "Pods-Styles_Example.release.xcconfig"; path = "Pods/Target Support Files/Pods-Styles_Example/Pods-Styles_Example.release.xcconfig"; sourceTree = "<group>"; };
		31ED7C1CA5FCF1CBFFF90BFA /* Styles.podspec */ = {isa = PBXFileReference; includeInIndex = 1; lastKnownFileType = text; name = Styles.podspec; path = ../Styles.podspec; sourceTree = "<group>"; xcLanguageSpecificationIdentifier = xcode.lang.ruby; };
		607FACD01AFB9204008FA782 /* Styles_Example.app */ = {isa = PBXFileReference; explicitFileType = wrapper.application; includeInIndex = 0; path = Styles_Example.app; sourceTree = BUILT_PRODUCTS_DIR; };
		607FACD41AFB9204008FA782 /* Info.plist */ = {isa = PBXFileReference; lastKnownFileType = text.plist.xml; path = Info.plist; sourceTree = "<group>"; };
		6631DF66EE27FD89BE4579DD /* Pods_Styles_Tests.framework */ = {isa = PBXFileReference; explicitFileType = wrapper.framework; includeInIndex = 0; path = Pods_Styles_Tests.framework; sourceTree = BUILT_PRODUCTS_DIR; };
		6D3C0648B2E55EA351C9C95C /* Pods-Styles_Example.debug.xcconfig */ = {isa = PBXFileReference; includeInIndex = 1; lastKnownFileType = text.xcconfig; name = "Pods-Styles_Example.debug.xcconfig"; path = "Pods/Target Support Files/Pods-Styles_Example/Pods-Styles_Example.debug.xcconfig"; sourceTree = "<group>"; };
		875600D32120283BDD70CB2D /* LICENSE */ = {isa = PBXFileReference; includeInIndex = 1; lastKnownFileType = text; name = LICENSE; path = ../LICENSE; sourceTree = "<group>"; };
		B0D45F0D96F4C573CDF9D280 /* README.md */ = {isa = PBXFileReference; includeInIndex = 1; lastKnownFileType = net.daringfireball.markdown; name = README.md; path = ../README.md; sourceTree = "<group>"; };
		CE1439C920580A8900C7EA94 /* TextStyle+Defaults.swift */ = {isa = PBXFileReference; lastKnownFileType = sourcecode.swift; path = "TextStyle+Defaults.swift"; sourceTree = "<group>"; };
		CE1439CB20580BD600C7EA94 /* TextEffect+Defaults.swift */ = {isa = PBXFileReference; lastKnownFileType = sourcecode.swift; path = "TextEffect+Defaults.swift"; sourceTree = "<group>"; };
		CE1439CD20580E8B00C7EA94 /* ViewStyle+Predefined.swift */ = {isa = PBXFileReference; lastKnownFileType = sourcecode.swift; path = "ViewStyle+Predefined.swift"; sourceTree = "<group>"; };
		CE1439D02058161300C7EA94 /* CustomStyleViewController.swift */ = {isa = PBXFileReference; lastKnownFileType = sourcecode.swift; path = CustomStyleViewController.swift; sourceTree = "<group>"; };
		CE1439D22058162200C7EA94 /* CustomStyle.storyboard */ = {isa = PBXFileReference; lastKnownFileType = file.storyboard; path = CustomStyle.storyboard; sourceTree = "<group>"; };
		CE1439D520581FF200C7EA94 /* DefineViewStyleViewContoller.swift */ = {isa = PBXFileReference; lastKnownFileType = sourcecode.swift; path = DefineViewStyleViewContoller.swift; sourceTree = "<group>"; };
		CE1439D72058202400C7EA94 /* DefineViewStyle.storyboard */ = {isa = PBXFileReference; lastKnownFileType = file.storyboard; path = DefineViewStyle.storyboard; sourceTree = "<group>"; };
		CE1439DB20592E4400C7EA94 /* ColorPickerViewController.swift */ = {isa = PBXFileReference; lastKnownFileType = sourcecode.swift; path = ColorPickerViewController.swift; sourceTree = "<group>"; };
		CE1439DD2059308900C7EA94 /* ColorPicker.storyboard */ = {isa = PBXFileReference; lastKnownFileType = file.storyboard; path = ColorPicker.storyboard; sourceTree = "<group>"; };
		CE6CD1F9202DC08100DA4491 /* AppDelegate.swift */ = {isa = PBXFileReference; fileEncoding = 4; lastKnownFileType = sourcecode.swift; path = AppDelegate.swift; sourceTree = "<group>"; };
		CE6CD1FC202DC08200DA4491 /* Base */ = {isa = PBXFileReference; lastKnownFileType = file.xib; name = Base; path = Base.lproj/LaunchScreen.xib; sourceTree = "<group>"; };
		CE6CD1FE202DC08200DA4491 /* Base */ = {isa = PBXFileReference; lastKnownFileType = file.storyboard; name = Base; path = Base.lproj/Features.storyboard; sourceTree = "<group>"; };
		CE6CD1FF202DC08200DA4491 /* Images.xcassets */ = {isa = PBXFileReference; lastKnownFileType = folder.assetcatalog; path = Images.xcassets; sourceTree = "<group>"; };
		CE78DE892057D72C00A5DCFE /* StylesController.swift */ = {isa = PBXFileReference; lastKnownFileType = sourcecode.swift; path = StylesController.swift; sourceTree = "<group>"; };
		CE78DE8C2057EE8B00A5DCFE /* FeaturesTabBarController.swift */ = {isa = PBXFileReference; lastKnownFileType = sourcecode.swift; path = FeaturesTabBarController.swift; sourceTree = "<group>"; };
		CE78DE8E2057F32D00A5DCFE /* Styles.storyboard */ = {isa = PBXFileReference; lastKnownFileType = file.storyboard; path = Styles.storyboard; sourceTree = "<group>"; };
		CE78DE912057F45700A5DCFE /* ViewStyleCell.swift */ = {isa = PBXFileReference; lastKnownFileType = sourcecode.swift; path = ViewStyleCell.swift; sourceTree = "<group>"; };
		CE78DE932057F51700A5DCFE /* TextStyleCell.swift */ = {isa = PBXFileReference; lastKnownFileType = sourcecode.swift; path = TextStyleCell.swift; sourceTree = "<group>"; };
		CE78DE952057F6FC00A5DCFE /* TextStyle+Predefined.swift */ = {isa = PBXFileReference; lastKnownFileType = sourcecode.swift; path = "TextStyle+Predefined.swift"; sourceTree = "<group>"; };
		CE78DE972057FD5200A5DCFE /* Shadow+Defaults.swift */ = {isa = PBXFileReference; lastKnownFileType = sourcecode.swift; path = "Shadow+Defaults.swift"; sourceTree = "<group>"; };
		CE78DE9A2057FE7D00A5DCFE /* ViewStyle+Defaults.swift */ = {isa = PBXFileReference; lastKnownFileType = sourcecode.swift; path = "ViewStyle+Defaults.swift"; sourceTree = "<group>"; };
		CE850F86205945EA00C62E35 /* Shadow.storyboard */ = {isa = PBXFileReference; lastKnownFileType = file.storyboard; path = Shadow.storyboard; sourceTree = "<group>"; };
		CE850F88205945FD00C62E35 /* ShadowViewController.swift */ = {isa = PBXFileReference; lastKnownFileType = sourcecode.swift; path = ShadowViewController.swift; sourceTree = "<group>"; };
		CE850F8D205A7F8800C62E35 /* DefineTextStyleViewController.swift */ = {isa = PBXFileReference; lastKnownFileType = sourcecode.swift; path = DefineTextStyleViewController.swift; sourceTree = "<group>"; };
		CE850F8F205A7F9700C62E35 /* DefineTextStyle.storyboard */ = {isa = PBXFileReference; lastKnownFileType = file.storyboard; path = DefineTextStyle.storyboard; sourceTree = "<group>"; };
		CE850F92205A921A00C62E35 /* FontPickerViewController.swift */ = {isa = PBXFileReference; lastKnownFileType = sourcecode.swift; path = FontPickerViewController.swift; sourceTree = "<group>"; };
		CE850F95205ACFBB00C62E35 /* WritingDirectionPickerViewController.swift */ = {isa = PBXFileReference; lastKnownFileType = sourcecode.swift; path = WritingDirectionPickerViewController.swift; sourceTree = "<group>"; };
		CE850F98205BB61300C62E35 /* TextDecoration.storyboard */ = {isa = PBXFileReference; lastKnownFileType = file.storyboard; path = TextDecoration.storyboard; sourceTree = "<group>"; };
		CE850F9A205BB62200C62E35 /* TextDecorationViewController.swift */ = {isa = PBXFileReference; lastKnownFileType = sourcecode.swift; path = TextDecorationViewController.swift; sourceTree = "<group>"; };
		CE850F9E205BBB1B00C62E35 /* TextDecoration+Definition.swift */ = {isa = PBXFileReference; lastKnownFileType = sourcecode.swift; path = "TextDecoration+Definition.swift"; sourceTree = "<group>"; };
		CE850FA0205BBB4600C62E35 /* NSTextAlignment+CodeDescription.swift */ = {isa = PBXFileReference; lastKnownFileType = sourcecode.swift; path = "NSTextAlignment+CodeDescription.swift"; sourceTree = "<group>"; };
		CE850FA2205BBB6E00C62E35 /* WritingDirection+Description.swift */ = {isa = PBXFileReference; lastKnownFileType = sourcecode.swift; path = "WritingDirection+Description.swift"; sourceTree = "<group>"; };
		CE850FA4205BBB8E00C62E35 /* PatternPickerViewController.swift */ = {isa = PBXFileReference; lastKnownFileType = sourcecode.swift; path = PatternPickerViewController.swift; sourceTree = "<group>"; };
		CE850FA6205BBDA400C62E35 /* StylePickerViewController.swift */ = {isa = PBXFileReference; lastKnownFileType = sourcecode.swift; path = StylePickerViewController.swift; sourceTree = "<group>"; };
		CE850FA9205BC42700C62E35 /* UIColor+CodeDescription.swift */ = {isa = PBXFileReference; lastKnownFileType = sourcecode.swift; path = "UIColor+CodeDescription.swift"; sourceTree = "<group>"; };
		F5E944D2434D454E67C3D05E /* Pods_Styles_Example.framework */ = {isa = PBXFileReference; explicitFileType = wrapper.framework; includeInIndex = 0; path = Pods_Styles_Example.framework; sourceTree = BUILT_PRODUCTS_DIR; };
/* End PBXFileReference section */

/* Begin PBXFrameworksBuildPhase section */
		607FACCD1AFB9204008FA782 /* Frameworks */ = {
			isa = PBXFrameworksBuildPhase;
			buildActionMask = 2147483647;
			files = (
				E85D480F059FB7239992BE0B /* Pods_Styles_Example.framework in Frameworks */,
			);
			runOnlyForDeploymentPostprocessing = 0;
		};
/* End PBXFrameworksBuildPhase section */

/* Begin PBXGroup section */
		28803ABF94366E6F623D13EC /* Pods */ = {
			isa = PBXGroup;
			children = (
				6D3C0648B2E55EA351C9C95C /* Pods-Styles_Example.debug.xcconfig */,
				22053086918D4A57D6F797DF /* Pods-Styles_Example.release.xcconfig */,
			);
			name = Pods;
			sourceTree = "<group>";
		};
		607FACC71AFB9204008FA782 = {
			isa = PBXGroup;
			children = (
				607FACF51AFB993E008FA782 /* Podspec Metadata */,
				607FACD21AFB9204008FA782 /* Example */,
				607FACD11AFB9204008FA782 /* Products */,
				28803ABF94366E6F623D13EC /* Pods */,
				D189273C33F2BBE6BCBA13A5 /* Frameworks */,
			);
			sourceTree = "<group>";
		};
		607FACD11AFB9204008FA782 /* Products */ = {
			isa = PBXGroup;
			children = (
				607FACD01AFB9204008FA782 /* Styles_Example.app */,
			);
			name = Products;
			sourceTree = "<group>";
		};
		607FACD21AFB9204008FA782 /* Example */ = {
			isa = PBXGroup;
			children = (
				CE6CD1FA202DC08200DA4491 /* Resources */,
				CE6CD1F7202DC08100DA4491 /* Sources */,
				607FACD31AFB9204008FA782 /* Supporting Files */,
			);
			name = Example;
			path = Styles;
			sourceTree = "<group>";
		};
		607FACD31AFB9204008FA782 /* Supporting Files */ = {
			isa = PBXGroup;
			children = (
				607FACD41AFB9204008FA782 /* Info.plist */,
			);
			name = "Supporting Files";
			sourceTree = "<group>";
		};
		607FACF51AFB993E008FA782 /* Podspec Metadata */ = {
			isa = PBXGroup;
			children = (
				31ED7C1CA5FCF1CBFFF90BFA /* Styles.podspec */,
				B0D45F0D96F4C573CDF9D280 /* README.md */,
				875600D32120283BDD70CB2D /* LICENSE */,
			);
			name = "Podspec Metadata";
			sourceTree = "<group>";
		};
		CE1439CF205815FC00C7EA94 /* CustomStyle */ = {
			isa = PBXGroup;
			children = (
				CE1439D420581FE100C7EA94 /* DefineViewStyle */,
				CE850F8C205A7F7200C62E35 /* DefineTextStyle */,
				CE850F852059438A00C62E35 /* DefineShadow */,
				CE1439DA20592E3300C7EA94 /* ColorPicker */,
				CE1439D02058161300C7EA94 /* CustomStyleViewController.swift */,
				CE1439D22058162200C7EA94 /* CustomStyle.storyboard */,
			);
			path = CustomStyle;
			sourceTree = "<group>";
		};
		CE1439D420581FE100C7EA94 /* DefineViewStyle */ = {
			isa = PBXGroup;
			children = (
				CE1439D520581FF200C7EA94 /* DefineViewStyleViewContoller.swift */,
				CE1439D72058202400C7EA94 /* DefineViewStyle.storyboard */,
			);
			path = DefineViewStyle;
			sourceTree = "<group>";
		};
		CE1439DA20592E3300C7EA94 /* ColorPicker */ = {
			isa = PBXGroup;
			children = (
				CE1439DD2059308900C7EA94 /* ColorPicker.storyboard */,
				CE1439DB20592E4400C7EA94 /* ColorPickerViewController.swift */,
			);
			path = ColorPicker;
			sourceTree = "<group>";
		};
		CE6CD1F7202DC08100DA4491 /* Sources */ = {
			isa = PBXGroup;
			children = (
				CE78DE992057FD6B00A5DCFE /* Extensions */,
				CE78DE8B2057EE7700A5DCFE /* Scenes */,
				CE6CD1F9202DC08100DA4491 /* AppDelegate.swift */,
			);
			path = Sources;
			sourceTree = "<group>";
		};
		CE6CD1FA202DC08200DA4491 /* Resources */ = {
			isa = PBXGroup;
			children = (
				CE6CD1FB202DC08200DA4491 /* LaunchScreen.xib */,
				CE6CD1FF202DC08200DA4491 /* Images.xcassets */,
			);
			path = Resources;
			sourceTree = "<group>";
		};
		CE78DE872057D68200A5DCFE /* Features */ = {
			isa = PBXGroup;
			children = (
				CE78DE902057F44C00A5DCFE /* Cells */,
				CE78DE892057D72C00A5DCFE /* StylesController.swift */,
				CE78DE8E2057F32D00A5DCFE /* Styles.storyboard */,
			);
			path = Features;
			sourceTree = "<group>";
		};
		CE78DE8B2057EE7700A5DCFE /* Scenes */ = {
			isa = PBXGroup;
			children = (
				CE78DE8C2057EE8B00A5DCFE /* FeaturesTabBarController.swift */,
				CE6CD1FD202DC08200DA4491 /* Features.storyboard */,
				CE1439CF205815FC00C7EA94 /* CustomStyle */,
				CE78DE872057D68200A5DCFE /* Features */,
			);
			path = Scenes;
			sourceTree = "<group>";
		};
		CE78DE902057F44C00A5DCFE /* Cells */ = {
			isa = PBXGroup;
			children = (
				CE78DE912057F45700A5DCFE /* ViewStyleCell.swift */,
				CE78DE932057F51700A5DCFE /* TextStyleCell.swift */,
			);
			path = Cells;
			sourceTree = "<group>";
		};
		CE78DE992057FD6B00A5DCFE /* Extensions */ = {
			isa = PBXGroup;
			children = (
				CE78DE972057FD5200A5DCFE /* Shadow+Defaults.swift */,
				CE78DE9A2057FE7D00A5DCFE /* ViewStyle+Defaults.swift */,
				CE1439C920580A8900C7EA94 /* TextStyle+Defaults.swift */,
				CE1439CB20580BD600C7EA94 /* TextEffect+Defaults.swift */,
				CE78DE952057F6FC00A5DCFE /* TextStyle+Predefined.swift */,
				CE1439CD20580E8B00C7EA94 /* ViewStyle+Predefined.swift */,
				CE850F9E205BBB1B00C62E35 /* TextDecoration+Definition.swift */,
				CE850FA0205BBB4600C62E35 /* NSTextAlignment+CodeDescription.swift */,
				CE850FA2205BBB6E00C62E35 /* WritingDirection+Description.swift */,
				CE850FA9205BC42700C62E35 /* UIColor+CodeDescription.swift */,
			);
			path = Extensions;
			sourceTree = "<group>";
		};
		CE850F852059438A00C62E35 /* DefineShadow */ = {
			isa = PBXGroup;
			children = (
				CE850F86205945EA00C62E35 /* Shadow.storyboard */,
				CE850F88205945FD00C62E35 /* ShadowViewController.swift */,
			);
			path = DefineShadow;
			sourceTree = "<group>";
		};
		CE850F8C205A7F7200C62E35 /* DefineTextStyle */ = {
			isa = PBXGroup;
			children = (
				CE850F97205BB60100C62E35 /* TextDecoration */,
				CE850F94205ACF1500C62E35 /* WritingDirectionPicker */,
				CE850F91205A920700C62E35 /* FontPicker */,
				CE850F8D205A7F8800C62E35 /* DefineTextStyleViewController.swift */,
				CE850F8F205A7F9700C62E35 /* DefineTextStyle.storyboard */,
			);
			path = DefineTextStyle;
			sourceTree = "<group>";
		};
		CE850F91205A920700C62E35 /* FontPicker */ = {
			isa = PBXGroup;
			children = (
				CE850F92205A921A00C62E35 /* FontPickerViewController.swift */,
			);
			path = FontPicker;
			sourceTree = "<group>";
		};
		CE850F94205ACF1500C62E35 /* WritingDirectionPicker */ = {
			isa = PBXGroup;
			children = (
				CE850F95205ACFBB00C62E35 /* WritingDirectionPickerViewController.swift */,
			);
			path = WritingDirectionPicker;
			sourceTree = "<group>";
		};
		CE850F97205BB60100C62E35 /* TextDecoration */ = {
			isa = PBXGroup;
			children = (
				CE850F9D205BB79600C62E35 /* StylePicker */,
				CE850F9C205BB78F00C62E35 /* PatternPicker */,
				CE850F98205BB61300C62E35 /* TextDecoration.storyboard */,
				CE850F9A205BB62200C62E35 /* TextDecorationViewController.swift */,
			);
			path = TextDecoration;
			sourceTree = "<group>";
		};
		CE850F9C205BB78F00C62E35 /* PatternPicker */ = {
			isa = PBXGroup;
			children = (
				CE850FA4205BBB8E00C62E35 /* PatternPickerViewController.swift */,
			);
			path = PatternPicker;
			sourceTree = "<group>";
		};
		CE850F9D205BB79600C62E35 /* StylePicker */ = {
			isa = PBXGroup;
			children = (
				CE850FA6205BBDA400C62E35 /* StylePickerViewController.swift */,
			);
			path = StylePicker;
			sourceTree = "<group>";
		};
		D189273C33F2BBE6BCBA13A5 /* Frameworks */ = {
			isa = PBXGroup;
			children = (
				F5E944D2434D454E67C3D05E /* Pods_Styles_Example.framework */,
				6631DF66EE27FD89BE4579DD /* Pods_Styles_Tests.framework */,
			);
			name = Frameworks;
			sourceTree = "<group>";
		};
/* End PBXGroup section */

/* Begin PBXNativeTarget section */
		607FACCF1AFB9204008FA782 /* Styles_Example */ = {
			isa = PBXNativeTarget;
			buildConfigurationList = 607FACEF1AFB9204008FA782 /* Build configuration list for PBXNativeTarget "Styles_Example" */;
			buildPhases = (
				14D31DC0586418F3946B67EC /* [CP] Check Pods Manifest.lock */,
				607FACCC1AFB9204008FA782 /* Sources */,
				607FACCD1AFB9204008FA782 /* Frameworks */,
				607FACCE1AFB9204008FA782 /* Resources */,
				1B34212C2B2D8A3896F8369F /* [CP] Embed Pods Frameworks */,
				E60267307CC6632E71481B2B /* [CP] Copy Pods Resources */,
			);
			buildRules = (
			);
			dependencies = (
			);
			name = Styles_Example;
			productName = Styles;
			productReference = 607FACD01AFB9204008FA782 /* Styles_Example.app */;
			productType = "com.apple.product-type.application";
		};
/* End PBXNativeTarget section */

/* Begin PBXProject section */
		607FACC81AFB9204008FA782 /* Project object */ = {
			isa = PBXProject;
			attributes = {
				LastSwiftUpdateCheck = 0920;
				LastUpgradeCheck = 0830;
				ORGANIZATIONNAME = CocoaPods;
				TargetAttributes = {
					607FACCF1AFB9204008FA782 = {
						CreatedOnToolsVersion = 6.3.1;
						LastSwiftMigration = 0900;
					};
				};
			};
			buildConfigurationList = 607FACCB1AFB9204008FA782 /* Build configuration list for PBXProject "Styles" */;
			compatibilityVersion = "Xcode 3.2";
			developmentRegion = English;
			hasScannedForEncodings = 0;
			knownRegions = (
				en,
				Base,
			);
			mainGroup = 607FACC71AFB9204008FA782;
			productRefGroup = 607FACD11AFB9204008FA782 /* Products */;
			projectDirPath = "";
			projectRoot = "";
			targets = (
				607FACCF1AFB9204008FA782 /* Styles_Example */,
			);
		};
/* End PBXProject section */

/* Begin PBXResourcesBuildPhase section */
		607FACCE1AFB9204008FA782 /* Resources */ = {
			isa = PBXResourcesBuildPhase;
			buildActionMask = 2147483647;
			files = (
				CE78DE8F2057F32D00A5DCFE /* Styles.storyboard in Resources */,
				CE6CD204202DC08200DA4491 /* Images.xcassets in Resources */,
				CE850F90205A7F9700C62E35 /* DefineTextStyle.storyboard in Resources */,
				CE1439D82058202400C7EA94 /* DefineViewStyle.storyboard in Resources */,
				CE1439DE2059308900C7EA94 /* ColorPicker.storyboard in Resources */,
				CE850F99205BB61300C62E35 /* TextDecoration.storyboard in Resources */,
				CE6CD202202DC08200DA4491 /* LaunchScreen.xib in Resources */,
				CE6CD203202DC08200DA4491 /* Features.storyboard in Resources */,
				CE850F87205945EA00C62E35 /* Shadow.storyboard in Resources */,
				CE1439D32058162200C7EA94 /* CustomStyle.storyboard in Resources */,
			);
			runOnlyForDeploymentPostprocessing = 0;
		};
/* End PBXResourcesBuildPhase section */

/* Begin PBXShellScriptBuildPhase section */
		14D31DC0586418F3946B67EC /* [CP] Check Pods Manifest.lock */ = {
			isa = PBXShellScriptBuildPhase;
			buildActionMask = 2147483647;
			files = (
			);
			inputPaths = (
				"${PODS_PODFILE_DIR_PATH}/Podfile.lock",
				"${PODS_ROOT}/Manifest.lock",
			);
			name = "[CP] Check Pods Manifest.lock";
			outputPaths = (
				"$(DERIVED_FILE_DIR)/Pods-Styles_Example-checkManifestLockResult.txt",
			);
			runOnlyForDeploymentPostprocessing = 0;
			shellPath = /bin/sh;
			shellScript = "diff \"${PODS_PODFILE_DIR_PATH}/Podfile.lock\" \"${PODS_ROOT}/Manifest.lock\" > /dev/null\nif [ $? != 0 ] ; then\n    # print error to STDERR\n    echo \"error: The sandbox is not in sync with the Podfile.lock. Run 'pod install' or update your CocoaPods installation.\" >&2\n    exit 1\nfi\n# This output is used by Xcode 'outputs' to avoid re-running this script phase.\necho \"SUCCESS\" > \"${SCRIPT_OUTPUT_FILE_0}\"\n";
			showEnvVarsInLog = 0;
		};
		1B34212C2B2D8A3896F8369F /* [CP] Embed Pods Frameworks */ = {
			isa = PBXShellScriptBuildPhase;
			buildActionMask = 2147483647;
			files = (
			);
			inputPaths = (
				"${SRCROOT}/Pods/Target Support Files/Pods-Styles_Example/Pods-Styles_Example-frameworks.sh",
				"${BUILT_PRODUCTS_DIR}/Styles/Styles.framework",
			);
			name = "[CP] Embed Pods Frameworks";
			outputPaths = (
				"${TARGET_BUILD_DIR}/${FRAMEWORKS_FOLDER_PATH}/Styles.framework",
			);
			runOnlyForDeploymentPostprocessing = 0;
			shellPath = /bin/sh;
			shellScript = "\"${SRCROOT}/Pods/Target Support Files/Pods-Styles_Example/Pods-Styles_Example-frameworks.sh\"\n";
			showEnvVarsInLog = 0;
		};
		E60267307CC6632E71481B2B /* [CP] Copy Pods Resources */ = {
			isa = PBXShellScriptBuildPhase;
			buildActionMask = 2147483647;
			files = (
			);
			inputPaths = (
			);
			name = "[CP] Copy Pods Resources";
			outputPaths = (
			);
			runOnlyForDeploymentPostprocessing = 0;
			shellPath = /bin/sh;
			shellScript = "\"${SRCROOT}/Pods/Target Support Files/Pods-Styles_Example/Pods-Styles_Example-resources.sh\"\n";
			showEnvVarsInLog = 0;
		};
/* End PBXShellScriptBuildPhase section */

/* Begin PBXSourcesBuildPhase section */
		607FACCC1AFB9204008FA782 /* Sources */ = {
			isa = PBXSourcesBuildPhase;
			buildActionMask = 2147483647;
			files = (
				CE850F89205945FD00C62E35 /* ShadowViewController.swift in Sources */,
				CE78DE8D2057EE8B00A5DCFE /* FeaturesTabBarController.swift in Sources */,
				CE850F96205ACFBB00C62E35 /* WritingDirectionPickerViewController.swift in Sources */,
				CE850F9F205BBB1B00C62E35 /* TextDecoration+Definition.swift in Sources */,
				CE1439CC20580BD600C7EA94 /* TextEffect+Defaults.swift in Sources */,
				CE850FA1205BBB4600C62E35 /* NSTextAlignment+CodeDescription.swift in Sources */,
				CE6CD201202DC08200DA4491 /* AppDelegate.swift in Sources */,
				CE850F93205A921A00C62E35 /* FontPickerViewController.swift in Sources */,
				CE78DE9B2057FE7D00A5DCFE /* ViewStyle+Defaults.swift in Sources */,
				CE850F9B205BB62200C62E35 /* TextDecorationViewController.swift in Sources */,
				CE78DE922057F45700A5DCFE /* ViewStyleCell.swift in Sources */,
				CE1439CA20580A8900C7EA94 /* TextStyle+Defaults.swift in Sources */,
				CE850FAA205BC42700C62E35 /* UIColor+CodeDescription.swift in Sources */,
				CE850FA5205BBB8E00C62E35 /* PatternPickerViewController.swift in Sources */,
				CE78DE962057F6FC00A5DCFE /* TextStyle+Predefined.swift in Sources */,
				CE78DE942057F51700A5DCFE /* TextStyleCell.swift in Sources */,
				CE78DE982057FD5200A5DCFE /* Shadow+Defaults.swift in Sources */,
				CE850FA7205BBDA400C62E35 /* StylePickerViewController.swift in Sources */,
				CE1439D12058161300C7EA94 /* CustomStyleViewController.swift in Sources */,
				CE1439DC20592E4400C7EA94 /* ColorPickerViewController.swift in Sources */,
				CE850FA3205BBB6E00C62E35 /* WritingDirection+Description.swift in Sources */,
				CE1439D620581FF200C7EA94 /* DefineViewStyleViewContoller.swift in Sources */,
				CE1439CE20580E8B00C7EA94 /* ViewStyle+Predefined.swift in Sources */,
				CE850F8E205A7F8800C62E35 /* DefineTextStyleViewController.swift in Sources */,
				CE78DE8A2057D72C00A5DCFE /* StylesController.swift in Sources */,
			);
			runOnlyForDeploymentPostprocessing = 0;
		};
/* End PBXSourcesBuildPhase section */

/* Begin PBXVariantGroup section */
		CE6CD1FB202DC08200DA4491 /* LaunchScreen.xib */ = {
			isa = PBXVariantGroup;
			children = (
				CE6CD1FC202DC08200DA4491 /* Base */,
			);
			name = LaunchScreen.xib;
			sourceTree = "<group>";
		};
		CE6CD1FD202DC08200DA4491 /* Features.storyboard */ = {
			isa = PBXVariantGroup;
			children = (
				CE6CD1FE202DC08200DA4491 /* Base */,
			);
			name = Features.storyboard;
			sourceTree = "<group>";
		};
/* End PBXVariantGroup section */

/* Begin XCBuildConfiguration section */
		607FACED1AFB9204008FA782 /* Debug */ = {
			isa = XCBuildConfiguration;
			buildSettings = {
				ALWAYS_SEARCH_USER_PATHS = NO;
				CLANG_CXX_LANGUAGE_STANDARD = "gnu++0x";
				CLANG_CXX_LIBRARY = "libc++";
				CLANG_ENABLE_MODULES = YES;
				CLANG_ENABLE_OBJC_ARC = YES;
				CLANG_WARN_BLOCK_CAPTURE_AUTORELEASING = YES;
				CLANG_WARN_BOOL_CONVERSION = YES;
				CLANG_WARN_COMMA = YES;
				CLANG_WARN_CONSTANT_CONVERSION = YES;
				CLANG_WARN_DIRECT_OBJC_ISA_USAGE = YES_ERROR;
				CLANG_WARN_EMPTY_BODY = YES;
				CLANG_WARN_ENUM_CONVERSION = YES;
				CLANG_WARN_INFINITE_RECURSION = YES;
				CLANG_WARN_INT_CONVERSION = YES;
				CLANG_WARN_NON_LITERAL_NULL_CONVERSION = YES;
				CLANG_WARN_OBJC_LITERAL_CONVERSION = YES;
				CLANG_WARN_OBJC_ROOT_CLASS = YES_ERROR;
				CLANG_WARN_RANGE_LOOP_ANALYSIS = YES;
				CLANG_WARN_STRICT_PROTOTYPES = YES;
				CLANG_WARN_SUSPICIOUS_MOVE = YES;
				CLANG_WARN_UNREACHABLE_CODE = YES;
				CLANG_WARN__DUPLICATE_METHOD_MATCH = YES;
				"CODE_SIGN_IDENTITY[sdk=iphoneos*]" = "iPhone Developer";
				COPY_PHASE_STRIP = NO;
				DEBUG_INFORMATION_FORMAT = "dwarf-with-dsym";
				ENABLE_STRICT_OBJC_MSGSEND = YES;
				ENABLE_TESTABILITY = YES;
				GCC_C_LANGUAGE_STANDARD = gnu99;
				GCC_DYNAMIC_NO_PIC = NO;
				GCC_NO_COMMON_BLOCKS = YES;
				GCC_OPTIMIZATION_LEVEL = 0;
				GCC_PREPROCESSOR_DEFINITIONS = (
					"DEBUG=1",
					"$(inherited)",
				);
				GCC_SYMBOLS_PRIVATE_EXTERN = NO;
				GCC_WARN_64_TO_32_BIT_CONVERSION = YES;
				GCC_WARN_ABOUT_RETURN_TYPE = YES_ERROR;
				GCC_WARN_UNDECLARED_SELECTOR = YES;
				GCC_WARN_UNINITIALIZED_AUTOS = YES_AGGRESSIVE;
				GCC_WARN_UNUSED_FUNCTION = YES;
				GCC_WARN_UNUSED_VARIABLE = YES;
				IPHONEOS_DEPLOYMENT_TARGET = 10.0;
				MTL_ENABLE_DEBUG_INFO = YES;
				ONLY_ACTIVE_ARCH = YES;
				SDKROOT = iphoneos;
				SWIFT_OPTIMIZATION_LEVEL = "-Onone";
			};
			name = Debug;
		};
		607FACEE1AFB9204008FA782 /* Release */ = {
			isa = XCBuildConfiguration;
			buildSettings = {
				ALWAYS_SEARCH_USER_PATHS = NO;
				CLANG_CXX_LANGUAGE_STANDARD = "gnu++0x";
				CLANG_CXX_LIBRARY = "libc++";
				CLANG_ENABLE_MODULES = YES;
				CLANG_ENABLE_OBJC_ARC = YES;
				CLANG_WARN_BLOCK_CAPTURE_AUTORELEASING = YES;
				CLANG_WARN_BOOL_CONVERSION = YES;
				CLANG_WARN_COMMA = YES;
				CLANG_WARN_CONSTANT_CONVERSION = YES;
				CLANG_WARN_DIRECT_OBJC_ISA_USAGE = YES_ERROR;
				CLANG_WARN_EMPTY_BODY = YES;
				CLANG_WARN_ENUM_CONVERSION = YES;
				CLANG_WARN_INFINITE_RECURSION = YES;
				CLANG_WARN_INT_CONVERSION = YES;
				CLANG_WARN_NON_LITERAL_NULL_CONVERSION = YES;
				CLANG_WARN_OBJC_LITERAL_CONVERSION = YES;
				CLANG_WARN_OBJC_ROOT_CLASS = YES_ERROR;
				CLANG_WARN_RANGE_LOOP_ANALYSIS = YES;
				CLANG_WARN_STRICT_PROTOTYPES = YES;
				CLANG_WARN_SUSPICIOUS_MOVE = YES;
				CLANG_WARN_UNREACHABLE_CODE = YES;
				CLANG_WARN__DUPLICATE_METHOD_MATCH = YES;
				"CODE_SIGN_IDENTITY[sdk=iphoneos*]" = "iPhone Developer";
				COPY_PHASE_STRIP = NO;
				DEBUG_INFORMATION_FORMAT = "dwarf-with-dsym";
				ENABLE_NS_ASSERTIONS = NO;
				ENABLE_STRICT_OBJC_MSGSEND = YES;
				GCC_C_LANGUAGE_STANDARD = gnu99;
				GCC_NO_COMMON_BLOCKS = YES;
				GCC_WARN_64_TO_32_BIT_CONVERSION = YES;
				GCC_WARN_ABOUT_RETURN_TYPE = YES_ERROR;
				GCC_WARN_UNDECLARED_SELECTOR = YES;
				GCC_WARN_UNINITIALIZED_AUTOS = YES_AGGRESSIVE;
				GCC_WARN_UNUSED_FUNCTION = YES;
				GCC_WARN_UNUSED_VARIABLE = YES;
				IPHONEOS_DEPLOYMENT_TARGET = 10.0;
				MTL_ENABLE_DEBUG_INFO = NO;
				SDKROOT = iphoneos;
				SWIFT_OPTIMIZATION_LEVEL = "-Owholemodule";
				VALIDATE_PRODUCT = YES;
			};
			name = Release;
		};
		607FACF01AFB9204008FA782 /* Debug */ = {
			isa = XCBuildConfiguration;
			baseConfigurationReference = 6D3C0648B2E55EA351C9C95C /* Pods-Styles_Example.debug.xcconfig */;
			buildSettings = {
				ASSETCATALOG_COMPILER_APPICON_NAME = AppIcon;
				INFOPLIST_FILE = Styles/Info.plist;
				IPHONEOS_DEPLOYMENT_TARGET = 11.2;
				LD_RUNPATH_SEARCH_PATHS = "$(inherited) @executable_path/Frameworks";
				MODULE_NAME = ExampleApp;
				PRODUCT_BUNDLE_IDENTIFIER = "org.cocoapods.demo.$(PRODUCT_NAME:rfc1034identifier)";
				PRODUCT_NAME = "$(TARGET_NAME)";
				SWIFT_SWIFT3_OBJC_INFERENCE = Default;
				SWIFT_VERSION = 4.0;
			};
			name = Debug;
		};
		607FACF11AFB9204008FA782 /* Release */ = {
			isa = XCBuildConfiguration;
			baseConfigurationReference = 22053086918D4A57D6F797DF /* Pods-Styles_Example.release.xcconfig */;
			buildSettings = {
				ASSETCATALOG_COMPILER_APPICON_NAME = AppIcon;
				INFOPLIST_FILE = Styles/Info.plist;
				IPHONEOS_DEPLOYMENT_TARGET = 11.2;
				LD_RUNPATH_SEARCH_PATHS = "$(inherited) @executable_path/Frameworks";
				MODULE_NAME = ExampleApp;
				PRODUCT_BUNDLE_IDENTIFIER = "org.cocoapods.demo.$(PRODUCT_NAME:rfc1034identifier)";
				PRODUCT_NAME = "$(TARGET_NAME)";
				SWIFT_SWIFT3_OBJC_INFERENCE = Default;
				SWIFT_VERSION = 4.0;
			};
			name = Release;
		};
/* End XCBuildConfiguration section */

/* Begin XCConfigurationList section */
		607FACCB1AFB9204008FA782 /* Build configuration list for PBXProject "Styles" */ = {
			isa = XCConfigurationList;
			buildConfigurations = (
				607FACED1AFB9204008FA782 /* Debug */,
				607FACEE1AFB9204008FA782 /* Release */,
			);
			defaultConfigurationIsVisible = 0;
			defaultConfigurationName = Release;
		};
		607FACEF1AFB9204008FA782 /* Build configuration list for PBXNativeTarget "Styles_Example" */ = {
			isa = XCConfigurationList;
			buildConfigurations = (
				607FACF01AFB9204008FA782 /* Debug */,
				607FACF11AFB9204008FA782 /* Release */,
			);
			defaultConfigurationIsVisible = 0;
			defaultConfigurationName = Release;
		};
/* End XCConfigurationList section */
	};
	rootObject = 607FACC81AFB9204008FA782 /* Project object */;
}
